{
  "name": "leetcode-es5",
  "version": "1.0.0",
  "lockfileVersion": 1,
  "requires": true,
  "dependencies": {
    "big-integer": {
      "version": "1.6.32",
      "resolved": "http://registry.npm.taobao.org/big-integer/download/big-integer-1.6.32.tgz",
      "integrity": "sha1-WGdFiyXs1byza2J8MLtQGhPAfok="
    }
  }
}
